{
  "name": "vulnerable-miniapp",
  "version": "1.0.0",
  "lockfileVersion": 3,
  "packages": {
    "node_modules/vulnerable-lib": {
      "version": "1.0.0",
      "resolved": "https://registry.npmjs.org/vulnerable-lib/-/vulnerable-lib-1.0.0.tgz"
    },
    "node_modules/outdated-dep": {
      "version": "0.5.0",
      "resolved": "https://registry.npmjs.org/outdated-dep/-/outdated-dep-0.5.0.tgz"
    }
  }
}
